
Microsoft Visual Studio Solution File, Format Version 12.00
# Visual Studio Version 17
VisualStudioVersion = 17.4.33213.308
MinimumVisualStudioVersion = 10.0.40219.1
Project("{FAE04EC0-301F-11D3-BF4B-00C04F79EFBC}") = "איש תלוי", "איש תלוי\איש תלוי.csproj", "{B4E6D469-D5CA-4DBD-BEFB-C23C8E6E8819}"
EndProject
Global
	GlobalSection(SolutionConfigurationPlatforms) = preSolution
		Debug|Any CPU = Debug|Any CPU
		Release|Any CPU = Release|Any CPU
	EndGlobalSection
	GlobalSection(ProjectConfigurationPlatforms) = postSolution
		{B4E6D469-D5CA-4DBD-BEFB-C23C8E6E8819}.Debug|Any CPU.ActiveCfg = Debug|Any CPU
		{B4E6D469-D5CA-4DBD-BEFB-C23C8E6E8819}.Debug|Any CPU.Build.0 = Debug|Any CPU
		{B4E6D469-D5CA-4DBD-BEFB-C23C8E6E8819}.Release|Any CPU.ActiveCfg = Release|Any CPU
		{B4E6D469-D5CA-4DBD-BEFB-C23C8E6E8819}.Release|Any CPU.Build.0 = Release|Any CPU
	EndGlobalSection
	GlobalSection(SolutionProperties) = preSolution
		HideSolutionNode = FALSE
	EndGlobalSection
	GlobalSection(ExtensibilityGlobals) = postSolution
		SolutionGuid = {0BDDA9F5-3C57-4CCD-B8B3-184A89A7C0B3}
	EndGlobalSection
EndGlobal
